
Microsoft Visual Studio Solution File, Format Version 12.00
# Visual Studio Version 17
VisualStudioVersion = 17.8.34525.116
MinimumVisualStudioVersion = 10.0.40219.1
Project("{FAE04EC0-301F-11D3-BF4B-00C04F79EFBC}") = "DesktopTimeClock", "DesktopTimeClock.csproj", "{1B0ABAF9-16B4-4B8D-B09F-DC5E722D7682}"
EndProject
Global
	GlobalSection(SolutionConfigurationPlatforms) = preSolution
		Debug|Any CPU = Debug|Any CPU
		Release|Any CPU = Release|Any CPU
	EndGlobalSection
	GlobalSection(ProjectConfigurationPlatforms) = postSolution
		{1B0ABAF9-16B4-4B8D-B09F-DC5E722D7682}.Debug|Any CPU.ActiveCfg = Debug|Any CPU
		{1B0ABAF9-16B4-4B8D-B09F-DC5E722D7682}.Debug|Any CPU.Build.0 = Debug|Any CPU
		{1B0ABAF9-16B4-4B8D-B09F-DC5E722D7682}.Release|Any CPU.ActiveCfg = Release|Any CPU
		{1B0ABAF9-16B4-4B8D-B09F-DC5E722D7682}.Release|Any CPU.Build.0 = Release|Any CPU
	EndGlobalSection
	GlobalSection(SolutionProperties) = preSolution
		HideSolutionNode = FALSE
	EndGlobalSection
	GlobalSection(ExtensibilityGlobals) = postSolution
		SolutionGuid = {AEBC4D1E-853E-4655-ABFA-97ED2E4428F9}
	EndGlobalSection
EndGlobal
